// !$*UTF8*$!
{
	archiveVersion = 1;
	classes = {
	};
	objectVersion = 46;
	objects = {

/* Begin PBXBuildFile section */
		A7E8182F1644B32F004E831A /* UIKit.framework in Frameworks */ = {isa = PBXBuildFile; fileRef = A7E8182E1644B32F004E831A /* UIKit.framework */; };
		A7E818311644B32F004E831A /* Foundation.framework in Frameworks */ = {isa = PBXBuildFile; fileRef = A7E818301644B32F004E831A /* Foundation.framework */; };
		A7E818331644B32F004E831A /* CoreGraphics.framework in Frameworks */ = {isa = PBXBuildFile; fileRef = A7E818321644B32F004E831A /* CoreGraphics.framework */; };
		A7E818391644B32F004E831A /* InfoPlist.strings in Resources */ = {isa = PBXBuildFile; fileRef = A7E818371644B32F004E831A /* InfoPlist.strings */; };
		A7E8183B1644B32F004E831A /* main.m in Sources */ = {isa = PBXBuildFile; fileRef = A7E8183A1644B32F004E831A /* main.m */; };
		A7E8183F1644B32F004E831A /* FBCDAppDelegate.m in Sources */ = {isa = PBXBuildFile; fileRef = A7E8183E1644B32F004E831A /* FBCDAppDelegate.m */; };
		A7E818421644B32F004E831A /* MainStoryboard.storyboard in Resources */ = {isa = PBXBuildFile; fileRef = A7E818401644B32F004E831A /* MainStoryboard.storyboard */; };
		A7E818451644B32F004E831A /* FBCDViewController.m in Sources */ = {isa = PBXBuildFile; fileRef = A7E818441644B32F004E831A /* FBCDViewController.m */; };
/* End PBXBuildFile section */

/* Begin PBXFileReference section */
		A7E8182A1644B32F004E831A /* itFoundMe.app */ = {isa = PBXFileReference; explicitFileType = wrapper.application; includeInIndex = 0; path = itFoundMe.app; sourceTree = BUILT_PRODUCTS_DIR; };
		A7E8182E1644B32F004E831A /* UIKit.framework */ = {isa = PBXFileReference; lastKnownFileType = wrapper.framework; name = UIKit.framework; path = System/Library/Frameworks/UIKit.framework; sourceTree = SDKROOT; };
		A7E818301644B32F004E831A /* Foundation.framework */ = {isa = PBXFileReference; lastKnownFileType = wrapper.framework; name = Foundation.framework; path = System/Library/Frameworks/Foundation.framework; sourceTree = SDKROOT; };
		A7E818321644B32F004E831A /* CoreGraphics.framework */ = {isa = PBXFileReference; lastKnownFileType = wrapper.framework; name = CoreGraphics.framework; path = System/Library/Frameworks/CoreGraphics.framework; sourceTree = SDKROOT; };
		A7E818361644B32F004E831A /* itFoundMe-Info.plist */ = {isa = PBXFileReference; lastKnownFileType = text.plist.xml; path = "itFoundMe-Info.plist"; sourceTree = "<group>"; };
		A7E818381644B32F004E831A /* en */ = {isa = PBXFileReference; lastKnownFileType = text.plist.strings; name = en; path = en.lproj/InfoPlist.strings; sourceTree = "<group>"; };
		A7E8183A1644B32F004E831A /* main.m */ = {isa = PBXFileReference; lastKnownFileType = sourcecode.c.objc; path = main.m; sourceTree = "<group>"; };
		A7E8183C1644B32F004E831A /* itFoundMe-Prefix.pch */ = {isa = PBXFileReference; lastKnownFileType = sourcecode.c.h; path = "itFoundMe-Prefix.pch"; sourceTree = "<group>"; };
		A7E8183D1644B32F004E831A /* FBCDAppDelegate.h */ = {isa = PBXFileReference; lastKnownFileType = sourcecode.c.h; path = FBCDAppDelegate.h; sourceTree = "<group>"; };
		A7E8183E1644B32F004E831A /* FBCDAppDelegate.m */ = {isa = PBXFileReference; lastKnownFileType = sourcecode.c.objc; path = FBCDAppDelegate.m; sourceTree = "<group>"; };
		A7E818411644B32F004E831A /* en */ = {isa = PBXFileReference; lastKnownFileType = file.storyboard; name = en; path = en.lproj/MainStoryboard.storyboard; sourceTree = "<group>"; };
		A7E818431644B32F004E831A /* FBCDViewController.h */ = {isa = PBXFileReference; lastKnownFileType = sourcecode.c.h; path = FBCDViewController.h; sourceTree = "<group>"; };
		A7E818441644B32F004E831A /* FBCDViewController.m */ = {isa = PBXFileReference; lastKnownFileType = sourcecode.c.objc; path = FBCDViewController.m; sourceTree = "<group>"; };
/* End PBXFileReference section */

/* Begin PBXFrameworksBuildPhase section */
		A7E818271644B32F004E831A /* Frameworks */ = {
			isa = PBXFrameworksBuildPhase;
			buildActionMask = 2147483647;
			files = (
				A7E8182F1644B32F004E831A /* UIKit.framework in Frameworks */,
				A7E818311644B32F004E831A /* Foundation.framework in Frameworks */,
				A7E818331644B32F004E831A /* CoreGraphics.framework in Frameworks */,
			);
			runOnlyForDeploymentPostprocessing = 0;
		};
/* End PBXFrameworksBuildPhase section */

/* Begin PBXGroup section */
		A7E8181F1644B32F004E831A = {
			isa = PBXGroup;
			children = (
				A7E818341644B32F004E831A /* itFoundMe */,
				A7E8182D1644B32F004E831A /* Frameworks */,
				A7E8182B1644B32F004E831A /* Products */,
			);
			sourceTree = "<group>";
		};
		A7E8182B1644B32F004E831A /* Products */ = {
			isa = PBXGroup;
			children = (
				A7E8182A1644B32F004E831A /* itFoundMe.app */,
			);
			name = Products;
			sourceTree = "<group>";
		};
		A7E8182D1644B32F004E831A /* Frameworks */ = {
			isa = PBXGroup;
			children = (
				A7E8182E1644B32F004E831A /* UIKit.framework */,
				A7E818301644B32F004E831A /* Foundation.framework */,
				A7E818321644B32F004E831A /* CoreGraphics.framework */,
			);
			name = Frameworks;
			sourceTree = "<group>";
		};
		A7E818341644B32F004E831A /* itFoundMe */ = {
			isa = PBXGroup;
			children = (
				A7E8183D1644B32F004E831A /* FBCDAppDelegate.h */,
				A7E8183E1644B32F004E831A /* FBCDAppDelegate.m */,
				A7E818401644B32F004E831A /* MainStoryboard.storyboard */,
				A7E818431644B32F004E831A /* FBCDViewController.h */,
				A7E818441644B32F004E831A /* FBCDViewController.m */,
				A7E818351644B32F004E831A /* Supporting Files */,
			);
			path = itFoundMe;
			sourceTree = "<group>";
		};
		A7E818351644B32F004E831A /* Supporting Files */ = {
			isa = PBXGroup;
			children = (
				A7E818361644B32F004E831A /* itFoundMe-Info.plist */,
				A7E818371644B32F004E831A /* InfoPlist.strings */,
				A7E8183A1644B32F004E831A /* main.m */,
				A7E8183C1644B32F004E831A /* itFoundMe-Prefix.pch */,
			);
			name = "Supporting Files";
			sourceTree = "<group>";
		};
/* End PBXGroup section */

/* Begin PBXNativeTarget section */
		A7E818291644B32F004E831A /* itFoundMe */ = {
			isa = PBXNativeTarget;
			buildConfigurationList = A7E818481644B32F004E831A /* Build configuration list for PBXNativeTarget "itFoundMe" */;
			buildPhases = (
				A7E818261644B32F004E831A /* Sources */,
				A7E818271644B32F004E831A /* Frameworks */,
				A7E818281644B32F004E831A /* Resources */,
			);
			buildRules = (
			);
			dependencies = (
			);
			name = itFoundMe;
			productName = itFoundMe;
			productReference = A7E8182A1644B32F004E831A /* itFoundMe.app */;
			productType = "com.apple.product-type.application";
		};
/* End PBXNativeTarget section */

/* Begin PBXProject section */
		A7E818211644B32F004E831A /* Project object */ = {
			isa = PBXProject;
			attributes = {
				CLASSPREFIX = FBCD;
				LastUpgradeCheck = 0430;
			};
			buildConfigurationList = A7E818241644B32F004E831A /* Build configuration list for PBXProject "itFoundMe" */;
			compatibilityVersion = "Xcode 3.2";
			developmentRegion = English;
			hasScannedForEncodings = 0;
			knownRegions = (
				en,
			);
			mainGroup = A7E8181F1644B32F004E831A;
			productRefGroup = A7E8182B1644B32F004E831A /* Products */;
			projectDirPath = "";
			projectRoot = "";
			targets = (
				A7E818291644B32F004E831A /* itFoundMe */,
			);
		};
/* End PBXProject section */

/* Begin PBXResourcesBuildPhase section */
		A7E818281644B32F004E831A /* Resources */ = {
			isa = PBXResourcesBuildPhase;
			buildActionMask = 2147483647;
			files = (
				A7E818391644B32F004E831A /* InfoPlist.strings in Resources */,
				A7E818421644B32F004E831A /* MainStoryboard.storyboard in Resources */,
			);
			runOnlyForDeploymentPostprocessing = 0;
		};
/* End PBXResourcesBuildPhase section */

/* Begin PBXSourcesBuildPhase section */
		A7E818261644B32F004E831A /* Sources */ = {
			isa = PBXSourcesBuildPhase;
			buildActionMask = 2147483647;
			files = (
				A7E8183B1644B32F004E831A /* main.m in Sources */,
				A7E8183F1644B32F004E831A /* FBCDAppDelegate.m in Sources */,
				A7E818451644B32F004E831A /* FBCDViewController.m in Sources */,
			);
			runOnlyForDeploymentPostprocessing = 0;
		};
/* End PBXSourcesBuildPhase section */

/* Begin PBXVariantGroup section */
		A7E818371644B32F004E831A /* InfoPlist.strings */ = {
			isa = PBXVariantGroup;
			children = (
				A7E818381644B32F004E831A /* en */,
			);
			name = InfoPlist.strings;
			sourceTree = "<group>";
		};
		A7E818401644B32F004E831A /* MainStoryboard.storyboard */ = {
			isa = PBXVariantGroup;
			children = (
				A7E818411644B32F004E831A /* en */,
			);
			name = MainStoryboard.storyboard;
			sourceTree = "<group>";
		};
/* End PBXVariantGroup section */

/* Begin XCBuildConfiguration section */
		A7E818461644B32F004E831A /* Debug */ = {
			isa = XCBuildConfiguration;
			buildSettings = {
				ALWAYS_SEARCH_USER_PATHS = NO;
				ARCHS = "$(ARCHS_STANDARD_32_BIT)";
				CLANG_ENABLE_OBJC_ARC = YES;
				"CODE_SIGN_IDENTITY[sdk=iphoneos*]" = "iPhone Developer";
				COPY_PHASE_STRIP = NO;
				GCC_C_LANGUAGE_STANDARD = gnu99;
				GCC_DYNAMIC_NO_PIC = NO;
				GCC_OPTIMIZATION_LEVEL = 0;
				GCC_PREPROCESSOR_DEFINITIONS = (
					"DEBUG=1",
					"$(inherited)",
				);
				GCC_SYMBOLS_PRIVATE_EXTERN = NO;
				GCC_VERSION = com.apple.compilers.llvm.clang.1_0;
				GCC_WARN_ABOUT_RETURN_TYPE = YES;
				GCC_WARN_UNINITIALIZED_AUTOS = YES;
				GCC_WARN_UNUSED_VARIABLE = YES;
				IPHONEOS_DEPLOYMENT_TARGET = 5.1;
				SDKROOT = iphoneos;
			};
			name = Debug;
		};
		A7E818471644B32F004E831A /* Release */ = {
			isa = XCBuildConfiguration;
			buildSettings = {
				ALWAYS_SEARCH_USER_PATHS = NO;
				ARCHS = "$(ARCHS_STANDARD_32_BIT)";
				CLANG_ENABLE_OBJC_ARC = YES;
				"CODE_SIGN_IDENTITY[sdk=iphoneos*]" = "iPhone Developer";
				COPY_PHASE_STRIP = YES;
				GCC_C_LANGUAGE_STANDARD = gnu99;
				GCC_VERSION = com.apple.compilers.llvm.clang.1_0;
				GCC_WARN_ABOUT_RETURN_TYPE = YES;
				GCC_WARN_UNINITIALIZED_AUTOS = YES;
				GCC_WARN_UNUSED_VARIABLE = YES;
				IPHONEOS_DEPLOYMENT_TARGET = 5.1;
				OTHER_CFLAGS = "-DNS_BLOCK_ASSERTIONS=1";
				SDKROOT = iphoneos;
				VALIDATE_PRODUCT = YES;
			};
			name = Release;
		};
		A7E818491644B32F004E831A /* Debug */ = {
			isa = XCBuildConfiguration;
			buildSettings = {
				GCC_PRECOMPILE_PREFIX_HEADER = YES;
				GCC_PREFIX_HEADER = "itFoundMe/itFoundMe-Prefix.pch";
				INFOPLIST_FILE = "itFoundMe/itFoundMe-Info.plist";
				PRODUCT_NAME = "$(TARGET_NAME)";
				WRAPPER_EXTENSION = app;
			};
			name = Debug;
		};
		A7E8184A1644B32F004E831A /* Release */ = {
			isa = XCBuildConfiguration;
			buildSettings = {
				GCC_PRECOMPILE_PREFIX_HEADER = YES;
				GCC_PREFIX_HEADER = "itFoundMe/itFoundMe-Prefix.pch";
				INFOPLIST_FILE = "itFoundMe/itFoundMe-Info.plist";
				PRODUCT_NAME = "$(TARGET_NAME)";
				WRAPPER_EXTENSION = app;
			};
			name = Release;
		};
/* End XCBuildConfiguration section */

/* Begin XCConfigurationList section */
		A7E818241644B32F004E831A /* Build configuration list for PBXProject "itFoundMe" */ = {
			isa = XCConfigurationList;
			buildConfigurations = (
				A7E818461644B32F004E831A /* Debug */,
				A7E818471644B32F004E831A /* Release */,
			);
			defaultConfigurationIsVisible = 0;
			defaultConfigurationName = Release;
		};
		A7E818481644B32F004E831A /* Build configuration list for PBXNativeTarget "itFoundMe" */ = {
			isa = XCConfigurationList;
			buildConfigurations = (
				A7E818491644B32F004E831A /* Debug */,
				A7E8184A1644B32F004E831A /* Release */,
			);
			defaultConfigurationIsVisible = 0;
		};
/* End XCConfigurationList section */
	};
	rootObject = A7E818211644B32F004E831A /* Project object */;
}
